// !$*UTF8*$!
{
	archiveVersion = 1;
	classes = {
	};
	objectVersion = 52;
	objects = {

/* Begin PBXBuildFile section */
		7200223024322BA40021CEF5 /* Fetch.framework in Frameworks */ = {isa = PBXBuildFile; fileRef = 720245752430DE780058C344 /* Fetch.framework */; platformFilter = ios; };
		7200223224322C210021CEF5 /* GetProductSuccessResponse.json in Resources */ = {isa = PBXBuildFile; fileRef = 7200223124322C210021CEF5 /* GetProductSuccessResponse.json */; };
		7200223424322F910021CEF5 /* GetProductSuccessResponseNoProducts.json in Resources */ = {isa = PBXBuildFile; fileRef = 7200223324322F910021CEF5 /* GetProductSuccessResponseNoProducts.json */; };
		7200223624322FF90021CEF5 /* GetProductSuccessResponseMissingData.json in Resources */ = {isa = PBXBuildFile; fileRef = 7200223524322FF90021CEF5 /* GetProductSuccessResponseMissingData.json */; };
		7200223B243342750021CEF5 /* ProductViewCell.swift in Sources */ = {isa = PBXBuildFile; fileRef = 7200223A243342750021CEF5 /* ProductViewCell.swift */; };
		7202451A2430CF4C0058C344 /* AppDelegate.swift in Sources */ = {isa = PBXBuildFile; fileRef = 720245192430CF4C0058C344 /* AppDelegate.swift */; };
		7202451C2430CF4C0058C344 /* SceneDelegate.swift in Sources */ = {isa = PBXBuildFile; fileRef = 7202451B2430CF4C0058C344 /* SceneDelegate.swift */; };
		7202451E2430CF4C0058C344 /* ProductsViewController.swift in Sources */ = {isa = PBXBuildFile; fileRef = 7202451D2430CF4C0058C344 /* ProductsViewController.swift */; };
		720245202430CF4C0058C344 /* WishListViewController.swift in Sources */ = {isa = PBXBuildFile; fileRef = 7202451F2430CF4C0058C344 /* WishListViewController.swift */; };
		720245232430CF4C0058C344 /* Main.storyboard in Resources */ = {isa = PBXBuildFile; fileRef = 720245212430CF4C0058C344 /* Main.storyboard */; };
		720245262430CF4C0058C344 /* ECommerceStore.xcdatamodeld in Sources */ = {isa = PBXBuildFile; fileRef = 720245242430CF4C0058C344 /* ECommerceStore.xcdatamodeld */; };
		720245282430CF500058C344 /* Assets.xcassets in Resources */ = {isa = PBXBuildFile; fileRef = 720245272430CF500058C344 /* Assets.xcassets */; };
		7202452B2430CF500058C344 /* LaunchScreen.storyboard in Resources */ = {isa = PBXBuildFile; fileRef = 720245292430CF500058C344 /* LaunchScreen.storyboard */; };
		720245412430CF510058C344 /* ECommerceStoreUITests.swift in Sources */ = {isa = PBXBuildFile; fileRef = 720245402430CF510058C344 /* ECommerceStoreUITests.swift */; };
		7202455C2430CFC80058C344 /* ECommerceStoreAPI.framework in Frameworks */ = {isa = PBXBuildFile; fileRef = 720245532430CFC70058C344 /* ECommerceStoreAPI.framework */; platformFilter = ios; };
		720245652430CFC80058C344 /* ECommerceStoreAPI.h in Headers */ = {isa = PBXBuildFile; fileRef = 720245552430CFC70058C344 /* ECommerceStoreAPI.h */; settings = {ATTRIBUTES = (Public, ); }; };
		720245682430CFC80058C344 /* ECommerceStoreAPI.framework in Frameworks */ = {isa = PBXBuildFile; fileRef = 720245532430CFC70058C344 /* ECommerceStoreAPI.framework */; };
		720245692430CFC80058C344 /* ECommerceStoreAPI.framework in Embed Frameworks */ = {isa = PBXBuildFile; fileRef = 720245532430CFC70058C344 /* ECommerceStoreAPI.framework */; settings = {ATTRIBUTES = (CodeSignOnCopy, RemoveHeadersOnCopy, ); }; };
		720245732430D9870058C344 /* Nimble.framework in Frameworks */ = {isa = PBXBuildFile; fileRef = 720245722430D9870058C344 /* Nimble.framework */; platformFilter = ios; };
		720245742430D9870058C344 /* Nimble.framework in Frameworks */ = {isa = PBXBuildFile; fileRef = 720245722430D9870058C344 /* Nimble.framework */; platformFilter = ios; };
		720245782430DEFB0058C344 /* Product.swift in Sources */ = {isa = PBXBuildFile; fileRef = 720245772430DEFB0058C344 /* Product.swift */; };
		7202457A243214210058C344 /* ProductRequest.swift in Sources */ = {isa = PBXBuildFile; fileRef = 72024579243214210058C344 /* ProductRequest.swift */; };
		7202457C243214EF0058C344 /* ProductResponse.swift in Sources */ = {isa = PBXBuildFile; fileRef = 7202457B243214EF0058C344 /* ProductResponse.swift */; };
		720245812432180C0058C344 /* ECommerceStoreAPIRequests.swift in Sources */ = {isa = PBXBuildFile; fileRef = 720245802432180C0058C344 /* ECommerceStoreAPIRequests.swift */; };
		72024582243219550058C344 /* Fetch.framework in Frameworks */ = {isa = PBXBuildFile; fileRef = 720245752430DE780058C344 /* Fetch.framework */; platformFilter = ios; };
		72024583243219550058C344 /* Fetch.framework in Embed Frameworks */ = {isa = PBXBuildFile; fileRef = 720245752430DE780058C344 /* Fetch.framework */; platformFilter = ios; settings = {ATTRIBUTES = (RemoveHeadersOnCopy, ); }; };
		72377C1D2435D639003CD25E /* ProductViewModel.swift in Sources */ = {isa = PBXBuildFile; fileRef = 72377C1C2435D639003CD25E /* ProductViewModel.swift */; };
		72377C1F2435DF6D003CD25E /* ViewController+Alerts.swift in Sources */ = {isa = PBXBuildFile; fileRef = 72377C1E2435DF6D003CD25E /* ViewController+Alerts.swift */; };
		72377C252435EC82003CD25E /* WishListDataControllerTests.swift in Sources */ = {isa = PBXBuildFile; fileRef = 72377C242435EC82003CD25E /* WishListDataControllerTests.swift */; };
		72377C262435EE1B003CD25E /* ECommerceStore.xcdatamodeld in Sources */ = {isa = PBXBuildFile; fileRef = 720245242430CF4C0058C344 /* ECommerceStore.xcdatamodeld */; };
		72377C282436012C003CD25E /* WishListDataSource.swift in Sources */ = {isa = PBXBuildFile; fileRef = 72377C272436012C003CD25E /* WishListDataSource.swift */; };
		72377C2A243601AF003CD25E /* WishlistTableViewCell.swift in Sources */ = {isa = PBXBuildFile; fileRef = 72377C29243601AF003CD25E /* WishlistTableViewCell.swift */; };
		72377C2C24360230003CD25E /* WishListViewModel.swift in Sources */ = {isa = PBXBuildFile; fileRef = 72377C2B24360230003CD25E /* WishListViewModel.swift */; };
		72377C2E24361589003CD25E /* RepresentableProtocols.swift in Sources */ = {isa = PBXBuildFile; fileRef = 72377C2D24361589003CD25E /* RepresentableProtocols.swift */; };
		7276C7A62433CA4200C0E963 /* ProductListDataSource.swift in Sources */ = {isa = PBXBuildFile; fileRef = 7276C7A52433CA4200C0E963 /* ProductListDataSource.swift */; };
		7276C7A82433D4B000C0E963 /* Extension+String.swift in Sources */ = {isa = PBXBuildFile; fileRef = 7276C7A72433D4B000C0E963 /* Extension+String.swift */; };
		7276C7AA2433D97A00C0E963 /* ProductListDataSourceTests.swift in Sources */ = {isa = PBXBuildFile; fileRef = 7276C7A92433D97A00C0E963 /* ProductListDataSourceTests.swift */; };
		7276C7AD2433DB0D00C0E963 /* TestProducts.swift in Sources */ = {isa = PBXBuildFile; fileRef = 7276C7AC2433DB0D00C0E963 /* TestProducts.swift */; };
		7276C7AF2433DC8300C0E963 /* TestProducts.json in Resources */ = {isa = PBXBuildFile; fileRef = 7276C7AE2433DC8300C0E963 /* TestProducts.json */; platformFilter = ios; };
		7277D5A92436248700F35BE3 /* CartViewController.swift in Sources */ = {isa = PBXBuildFile; fileRef = 7277D5A82436248700F35BE3 /* CartViewController.swift */; };
		7277D5AD2436250700F35BE3 /* CartRequest.swift in Sources */ = {isa = PBXBuildFile; fileRef = 7277D5AB2436250600F35BE3 /* CartRequest.swift */; };
		7277D5AE2436250700F35BE3 /* CartResponse.swift in Sources */ = {isa = PBXBuildFile; fileRef = 7277D5AC2436250600F35BE3 /* CartResponse.swift */; };
		7277D5B02436255200F35BE3 /* CartItem.swift in Sources */ = {isa = PBXBuildFile; fileRef = 7277D5AF2436255100F35BE3 /* CartItem.swift */; };
		7277D5B8243626BB00F35BE3 /* GetCartWithNoProductResponse.json in Resources */ = {isa = PBXBuildFile; fileRef = 7277D5B3243626BB00F35BE3 /* GetCartWithNoProductResponse.json */; };
		7277D5B9243626BB00F35BE3 /* GetCartRequestTests.swift in Sources */ = {isa = PBXBuildFile; fileRef = 7277D5B4243626BB00F35BE3 /* GetCartRequestTests.swift */; };
		7277D5BA243626BB00F35BE3 /* GetCartMissingDataResponse.json in Resources */ = {isa = PBXBuildFile; fileRef = 7277D5B5243626BB00F35BE3 /* GetCartMissingDataResponse.json */; };
		7277D5BB243626BB00F35BE3 /* GetCartSuccessResponse.json in Resources */ = {isa = PBXBuildFile; fileRef = 7277D5B6243626BB00F35BE3 /* GetCartSuccessResponse.json */; };
		7277D5BD2436271C00F35BE3 /* GetCartResponseTests.swift in Sources */ = {isa = PBXBuildFile; fileRef = 7277D5BC2436271C00F35BE3 /* GetCartResponseTests.swift */; };
		7277D5BF24362E4D00F35BE3 /* CartListDataSource.swift in Sources */ = {isa = PBXBuildFile; fileRef = 7277D5BE24362E4D00F35BE3 /* CartListDataSource.swift */; };
		7277D5C12436329500F35BE3 /* CartItemTableViewCell.swift in Sources */ = {isa = PBXBuildFile; fileRef = 7277D5C02436329500F35BE3 /* CartItemTableViewCell.swift */; };
		729E1253243480610054FA03 /* AddToCartRequest.swift in Sources */ = {isa = PBXBuildFile; fileRef = 729E1252243480610054FA03 /* AddToCartRequest.swift */; };
		729E12552434806D0054FA03 /* AddToCartResponse.swift in Sources */ = {isa = PBXBuildFile; fileRef = 729E12542434806D0054FA03 /* AddToCartResponse.swift */; };
		729E1257243484B40054FA03 /* ProductRequestTests.swift in Sources */ = {isa = PBXBuildFile; fileRef = 729E1256243484B40054FA03 /* ProductRequestTests.swift */; };
		729E1259243485270054FA03 /* ProductResponseTests.swift in Sources */ = {isa = PBXBuildFile; fileRef = 729E1258243485270054FA03 /* ProductResponseTests.swift */; };
		729E125B243485E50054FA03 /* AddToCartRequestTests.swift in Sources */ = {isa = PBXBuildFile; fileRef = 729E125A243485E50054FA03 /* AddToCartRequestTests.swift */; };
		729E125D243487260054FA03 /* AddToCartResponseTests.swift in Sources */ = {isa = PBXBuildFile; fileRef = 729E125C243487260054FA03 /* AddToCartResponseTests.swift */; };
		729E1260243488610054FA03 /* AddToCartProductNotInStockResponse.json in Resources */ = {isa = PBXBuildFile; fileRef = 729E125E243488610054FA03 /* AddToCartProductNotInStockResponse.json */; };
		729E1261243488610054FA03 /* AddToCartSuccessResponse.json in Resources */ = {isa = PBXBuildFile; fileRef = 729E125F243488610054FA03 /* AddToCartSuccessResponse.json */; };
		729E1267243493300054FA03 /* AddToCartMissingDataResponse.json in Resources */ = {isa = PBXBuildFile; fileRef = 729E1266243493300054FA03 /* AddToCartMissingDataResponse.json */; };
		729E1272243539830054FA03 /* WishlistProduct+CoreDataClass.swift in Sources */ = {isa = PBXBuildFile; fileRef = 729E1270243539830054FA03 /* WishlistProduct+CoreDataClass.swift */; };
		729E1273243539830054FA03 /* WishlistProduct+CoreDataProperties.swift in Sources */ = {isa = PBXBuildFile; fileRef = 729E1271243539830054FA03 /* WishlistProduct+CoreDataProperties.swift */; };
		729E127524353B800054FA03 /* WishListDataController.swift in Sources */ = {isa = PBXBuildFile; fileRef = 729E127424353B800054FA03 /* WishListDataController.swift */; };
/* End PBXBuildFile section */

/* Begin PBXContainerItemProxy section */
		720245322430CF510058C344 /* PBXContainerItemProxy */ = {
			isa = PBXContainerItemProxy;
			containerPortal = 7202450E2430CF4C0058C344 /* Project object */;
			proxyType = 1;
			remoteGlobalIDString = 720245152430CF4C0058C344;
			remoteInfo = ECommerceStore;
		};
		7202453D2430CF510058C344 /* PBXContainerItemProxy */ = {
			isa = PBXContainerItemProxy;
			containerPortal = 7202450E2430CF4C0058C344 /* Project object */;
			proxyType = 1;
			remoteGlobalIDString = 720245152430CF4C0058C344;
			remoteInfo = ECommerceStore;
		};
		7202455D2430CFC80058C344 /* PBXContainerItemProxy */ = {
			isa = PBXContainerItemProxy;
			containerPortal = 7202450E2430CF4C0058C344 /* Project object */;
			proxyType = 1;
			remoteGlobalIDString = 720245522430CFC70058C344;
			remoteInfo = ECommerceStoreAPI;
		};
		7202457E243216890058C344 /* PBXContainerItemProxy */ = {
			isa = PBXContainerItemProxy;
			containerPortal = 7202450E2430CF4C0058C344 /* Project object */;
			proxyType = 1;
			remoteGlobalIDString = 720245522430CFC70058C344;
			remoteInfo = ECommerceStoreAPI;
		};
/* End PBXContainerItemProxy section */

/* Begin PBXCopyFilesBuildPhase section */
		7202456D2430CFC80058C344 /* Embed Frameworks */ = {
			isa = PBXCopyFilesBuildPhase;
			buildActionMask = 2147483647;
			dstPath = "";
			dstSubfolderSpec = 10;
			files = (
				720245692430CFC80058C344 /* ECommerceStoreAPI.framework in Embed Frameworks */,
			);
			name = "Embed Frameworks";
			runOnlyForDeploymentPostprocessing = 0;
		};
		72024584243219550058C344 /* Embed Frameworks */ = {
			isa = PBXCopyFilesBuildPhase;
			buildActionMask = 2147483647;
			dstPath = "";
			dstSubfolderSpec = 10;
			files = (
				72024583243219550058C344 /* Fetch.framework in Embed Frameworks */,
			);
			name = "Embed Frameworks";
			runOnlyForDeploymentPostprocessing = 0;
		};
/* End PBXCopyFilesBuildPhase section */

/* Begin PBXFileReference section */
		7200223124322C210021CEF5 /* GetProductSuccessResponse.json */ = {isa = PBXFileReference; lastKnownFileType = text.json; path = GetProductSuccessResponse.json; sourceTree = "<group>"; };
		7200223324322F910021CEF5 /* GetProductSuccessResponseNoProducts.json */ = {isa = PBXFileReference; lastKnownFileType = text.json; path = GetProductSuccessResponseNoProducts.json; sourceTree = "<group>"; };
		7200223524322FF90021CEF5 /* GetProductSuccessResponseMissingData.json */ = {isa = PBXFileReference; lastKnownFileType = text.json; path = GetProductSuccessResponseMissingData.json; sourceTree = "<group>"; };
		7200223A243342750021CEF5 /* ProductViewCell.swift */ = {isa = PBXFileReference; lastKnownFileType = sourcecode.swift; path = ProductViewCell.swift; sourceTree = "<group>"; };
		720245162430CF4C0058C344 /* ECommerceStore.app */ = {isa = PBXFileReference; explicitFileType = wrapper.application; includeInIndex = 0; path = ECommerceStore.app; sourceTree = BUILT_PRODUCTS_DIR; };
		720245192430CF4C0058C344 /* AppDelegate.swift */ = {isa = PBXFileReference; lastKnownFileType = sourcecode.swift; path = AppDelegate.swift; sourceTree = "<group>"; };
		7202451B2430CF4C0058C344 /* SceneDelegate.swift */ = {isa = PBXFileReference; lastKnownFileType = sourcecode.swift; path = SceneDelegate.swift; sourceTree = "<group>"; };
		7202451D2430CF4C0058C344 /* ProductsViewController.swift */ = {isa = PBXFileReference; lastKnownFileType = sourcecode.swift; path = ProductsViewController.swift; sourceTree = "<group>"; };
		7202451F2430CF4C0058C344 /* WishListViewController.swift */ = {isa = PBXFileReference; lastKnownFileType = sourcecode.swift; path = WishListViewController.swift; sourceTree = "<group>"; };
		720245222430CF4C0058C344 /* Base */ = {isa = PBXFileReference; lastKnownFileType = file.storyboard; name = Base; path = Base.lproj/Main.storyboard; sourceTree = "<group>"; };
		720245252430CF4C0058C344 /* ECommerceStore.xcdatamodel */ = {isa = PBXFileReference; lastKnownFileType = wrapper.xcdatamodel; path = ECommerceStore.xcdatamodel; sourceTree = "<group>"; };
		720245272430CF500058C344 /* Assets.xcassets */ = {isa = PBXFileReference; lastKnownFileType = folder.assetcatalog; path = Assets.xcassets; sourceTree = "<group>"; };
		7202452A2430CF500058C344 /* Base */ = {isa = PBXFileReference; lastKnownFileType = file.storyboard; name = Base; path = Base.lproj/LaunchScreen.storyboard; sourceTree = "<group>"; };
		7202452C2430CF500058C344 /* Info.plist */ = {isa = PBXFileReference; lastKnownFileType = text.plist.xml; path = Info.plist; sourceTree = "<group>"; };
		720245312430CF510058C344 /* ECommerceStoreTests.xctest */ = {isa = PBXFileReference; explicitFileType = wrapper.cfbundle; includeInIndex = 0; path = ECommerceStoreTests.xctest; sourceTree = BUILT_PRODUCTS_DIR; };
		720245372430CF510058C344 /* Info.plist */ = {isa = PBXFileReference; lastKnownFileType = text.plist.xml; path = Info.plist; sourceTree = "<group>"; };
		7202453C2430CF510058C344 /* ECommerceStoreUITests.xctest */ = {isa = PBXFileReference; explicitFileType = wrapper.cfbundle; includeInIndex = 0; path = ECommerceStoreUITests.xctest; sourceTree = BUILT_PRODUCTS_DIR; };
		720245402430CF510058C344 /* ECommerceStoreUITests.swift */ = {isa = PBXFileReference; lastKnownFileType = sourcecode.swift; path = ECommerceStoreUITests.swift; sourceTree = "<group>"; };
		720245422430CF510058C344 /* Info.plist */ = {isa = PBXFileReference; lastKnownFileType = text.plist.xml; path = Info.plist; sourceTree = "<group>"; };
		720245532430CFC70058C344 /* ECommerceStoreAPI.framework */ = {isa = PBXFileReference; explicitFileType = wrapper.framework; includeInIndex = 0; path = ECommerceStoreAPI.framework; sourceTree = BUILT_PRODUCTS_DIR; };
		720245552430CFC70058C344 /* ECommerceStoreAPI.h */ = {isa = PBXFileReference; lastKnownFileType = sourcecode.c.h; path = ECommerceStoreAPI.h; sourceTree = "<group>"; };
		720245562430CFC70058C344 /* Info.plist */ = {isa = PBXFileReference; lastKnownFileType = text.plist.xml; path = Info.plist; sourceTree = "<group>"; };
		7202455B2430CFC80058C344 /* ECommerceStoreAPITests.xctest */ = {isa = PBXFileReference; explicitFileType = wrapper.cfbundle; includeInIndex = 0; path = ECommerceStoreAPITests.xctest; sourceTree = BUILT_PRODUCTS_DIR; };
		720245642430CFC80058C344 /* Info.plist */ = {isa = PBXFileReference; lastKnownFileType = text.plist.xml; path = Info.plist; sourceTree = "<group>"; };
		720245722430D9870058C344 /* Nimble.framework */ = {isa = PBXFileReference; lastKnownFileType = wrapper.framework; name = Nimble.framework; path = Carthage/Build/iOS/Nimble.framework; sourceTree = SOURCE_ROOT; };
		720245752430DE780058C344 /* Fetch.framework */ = {isa = PBXFileReference; lastKnownFileType = wrapper.framework; name = Fetch.framework; path = Carthage/Build/iOS/Fetch.framework; sourceTree = SOURCE_ROOT; };
		720245772430DEFB0058C344 /* Product.swift */ = {isa = PBXFileReference; lastKnownFileType = sourcecode.swift; path = Product.swift; sourceTree = "<group>"; };
		72024579243214210058C344 /* ProductRequest.swift */ = {isa = PBXFileReference; lastKnownFileType = sourcecode.swift; path = ProductRequest.swift; sourceTree = "<group>"; };
		7202457B243214EF0058C344 /* ProductResponse.swift */ = {isa = PBXFileReference; lastKnownFileType = sourcecode.swift; path = ProductResponse.swift; sourceTree = "<group>"; };
		720245802432180C0058C344 /* ECommerceStoreAPIRequests.swift */ = {isa = PBXFileReference; lastKnownFileType = sourcecode.swift; path = ECommerceStoreAPIRequests.swift; sourceTree = "<group>"; };
		72377C1C2435D639003CD25E /* ProductViewModel.swift */ = {isa = PBXFileReference; lastKnownFileType = sourcecode.swift; path = ProductViewModel.swift; sourceTree = "<group>"; };
		72377C1E2435DF6D003CD25E /* ViewController+Alerts.swift */ = {isa = PBXFileReference; lastKnownFileType = sourcecode.swift; path = "ViewController+Alerts.swift"; sourceTree = "<group>"; };
		72377C242435EC82003CD25E /* WishListDataControllerTests.swift */ = {isa = PBXFileReference; lastKnownFileType = sourcecode.swift; path = WishListDataControllerTests.swift; sourceTree = "<group>"; };
		72377C272436012C003CD25E /* WishListDataSource.swift */ = {isa = PBXFileReference; lastKnownFileType = sourcecode.swift; path = WishListDataSource.swift; sourceTree = "<group>"; };
		72377C29243601AF003CD25E /* WishlistTableViewCell.swift */ = {isa = PBXFileReference; lastKnownFileType = sourcecode.swift; path = WishlistTableViewCell.swift; sourceTree = "<group>"; };
		72377C2B24360230003CD25E /* WishListViewModel.swift */ = {isa = PBXFileReference; lastKnownFileType = sourcecode.swift; path = WishListViewModel.swift; sourceTree = "<group>"; };
		72377C2D24361589003CD25E /* RepresentableProtocols.swift */ = {isa = PBXFileReference; lastKnownFileType = sourcecode.swift; path = RepresentableProtocols.swift; sourceTree = "<group>"; };
		7276C7A52433CA4200C0E963 /* ProductListDataSource.swift */ = {isa = PBXFileReference; lastKnownFileType = sourcecode.swift; path = ProductListDataSource.swift; sourceTree = "<group>"; };
		7276C7A72433D4B000C0E963 /* Extension+String.swift */ = {isa = PBXFileReference; lastKnownFileType = sourcecode.swift; path = "Extension+String.swift"; sourceTree = "<group>"; };
		7276C7A92433D97A00C0E963 /* ProductListDataSourceTests.swift */ = {isa = PBXFileReference; lastKnownFileType = sourcecode.swift; path = ProductListDataSourceTests.swift; sourceTree = "<group>"; };
		7276C7AC2433DB0D00C0E963 /* TestProducts.swift */ = {isa = PBXFileReference; lastKnownFileType = sourcecode.swift; path = TestProducts.swift; sourceTree = "<group>"; };
		7276C7AE2433DC8300C0E963 /* TestProducts.json */ = {isa = PBXFileReference; fileEncoding = 4; lastKnownFileType = text.json; path = TestProducts.json; sourceTree = "<group>"; };
		7277D5A82436248700F35BE3 /* CartViewController.swift */ = {isa = PBXFileReference; lastKnownFileType = sourcecode.swift; path = CartViewController.swift; sourceTree = "<group>"; };
		7277D5AB2436250600F35BE3 /* CartRequest.swift */ = {isa = PBXFileReference; fileEncoding = 4; lastKnownFileType = sourcecode.swift; path = CartRequest.swift; sourceTree = "<group>"; };
		7277D5AC2436250600F35BE3 /* CartResponse.swift */ = {isa = PBXFileReference; fileEncoding = 4; lastKnownFileType = sourcecode.swift; path = CartResponse.swift; sourceTree = "<group>"; };
		7277D5AF2436255100F35BE3 /* CartItem.swift */ = {isa = PBXFileReference; fileEncoding = 4; lastKnownFileType = sourcecode.swift; path = CartItem.swift; sourceTree = "<group>"; };
		7277D5B3243626BB00F35BE3 /* GetCartWithNoProductResponse.json */ = {isa = PBXFileReference; fileEncoding = 4; lastKnownFileType = text.json; path = GetCartWithNoProductResponse.json; sourceTree = "<group>"; };
		7277D5B4243626BB00F35BE3 /* GetCartRequestTests.swift */ = {isa = PBXFileReference; fileEncoding = 4; lastKnownFileType = sourcecode.swift; path = GetCartRequestTests.swift; sourceTree = "<group>"; };
		7277D5B5243626BB00F35BE3 /* GetCartMissingDataResponse.json */ = {isa = PBXFileReference; fileEncoding = 4; lastKnownFileType = text.json; path = GetCartMissingDataResponse.json; sourceTree = "<group>"; };
		7277D5B6243626BB00F35BE3 /* GetCartSuccessResponse.json */ = {isa = PBXFileReference; fileEncoding = 4; lastKnownFileType = text.json; path = GetCartSuccessResponse.json; sourceTree = "<group>"; };
		7277D5BC2436271C00F35BE3 /* GetCartResponseTests.swift */ = {isa = PBXFileReference; fileEncoding = 4; lastKnownFileType = sourcecode.swift; path = GetCartResponseTests.swift; sourceTree = "<group>"; };
		7277D5BE24362E4D00F35BE3 /* CartListDataSource.swift */ = {isa = PBXFileReference; fileEncoding = 4; lastKnownFileType = sourcecode.swift; path = CartListDataSource.swift; sourceTree = "<group>"; };
		7277D5C02436329500F35BE3 /* CartItemTableViewCell.swift */ = {isa = PBXFileReference; lastKnownFileType = sourcecode.swift; path = CartItemTableViewCell.swift; sourceTree = "<group>"; };
		729E1252243480610054FA03 /* AddToCartRequest.swift */ = {isa = PBXFileReference; lastKnownFileType = sourcecode.swift; path = AddToCartRequest.swift; sourceTree = "<group>"; };
		729E12542434806D0054FA03 /* AddToCartResponse.swift */ = {isa = PBXFileReference; lastKnownFileType = sourcecode.swift; path = AddToCartResponse.swift; sourceTree = "<group>"; };
		729E1256243484B40054FA03 /* ProductRequestTests.swift */ = {isa = PBXFileReference; lastKnownFileType = sourcecode.swift; path = ProductRequestTests.swift; sourceTree = "<group>"; };
		729E1258243485270054FA03 /* ProductResponseTests.swift */ = {isa = PBXFileReference; lastKnownFileType = sourcecode.swift; path = ProductResponseTests.swift; sourceTree = "<group>"; };
		729E125A243485E50054FA03 /* AddToCartRequestTests.swift */ = {isa = PBXFileReference; lastKnownFileType = sourcecode.swift; path = AddToCartRequestTests.swift; sourceTree = "<group>"; };
		729E125C243487260054FA03 /* AddToCartResponseTests.swift */ = {isa = PBXFileReference; lastKnownFileType = sourcecode.swift; path = AddToCartResponseTests.swift; sourceTree = "<group>"; };
		729E125E243488610054FA03 /* AddToCartProductNotInStockResponse.json */ = {isa = PBXFileReference; fileEncoding = 4; lastKnownFileType = text.json; path = AddToCartProductNotInStockResponse.json; sourceTree = "<group>"; };
		729E125F243488610054FA03 /* AddToCartSuccessResponse.json */ = {isa = PBXFileReference; fileEncoding = 4; lastKnownFileType = text.json; path = AddToCartSuccessResponse.json; sourceTree = "<group>"; };
		729E1266243493300054FA03 /* AddToCartMissingDataResponse.json */ = {isa = PBXFileReference; fileEncoding = 4; lastKnownFileType = text.json; path = AddToCartMissingDataResponse.json; sourceTree = "<group>"; };
		729E1270243539830054FA03 /* WishlistProduct+CoreDataClass.swift */ = {isa = PBXFileReference; lastKnownFileType = sourcecode.swift; path = "WishlistProduct+CoreDataClass.swift"; sourceTree = "<group>"; };
		729E1271243539830054FA03 /* WishlistProduct+CoreDataProperties.swift */ = {isa = PBXFileReference; lastKnownFileType = sourcecode.swift; path = "WishlistProduct+CoreDataProperties.swift"; sourceTree = "<group>"; };
		729E127424353B800054FA03 /* WishListDataController.swift */ = {isa = PBXFileReference; lastKnownFileType = sourcecode.swift; path = WishListDataController.swift; sourceTree = "<group>"; };
/* End PBXFileReference section */

/* Begin PBXFrameworksBuildPhase section */
		720245132430CF4C0058C344 /* Frameworks */ = {
			isa = PBXFrameworksBuildPhase;
			buildActionMask = 2147483647;
			files = (
				720245682430CFC80058C344 /* ECommerceStoreAPI.framework in Frameworks */,
			);
			runOnlyForDeploymentPostprocessing = 0;
		};
		7202452E2430CF510058C344 /* Frameworks */ = {
			isa = PBXFrameworksBuildPhase;
			buildActionMask = 2147483647;
			files = (
				720245732430D9870058C344 /* Nimble.framework in Frameworks */,
			);
			runOnlyForDeploymentPostprocessing = 0;
		};
		720245392430CF510058C344 /* Frameworks */ = {
			isa = PBXFrameworksBuildPhase;
			buildActionMask = 2147483647;
			files = (
			);
			runOnlyForDeploymentPostprocessing = 0;
		};
		720245502430CFC70058C344 /* Frameworks */ = {
			isa = PBXFrameworksBuildPhase;
			buildActionMask = 2147483647;
			files = (
				72024582243219550058C344 /* Fetch.framework in Frameworks */,
			);
			runOnlyForDeploymentPostprocessing = 0;
		};
		720245582430CFC80058C344 /* Frameworks */ = {
			isa = PBXFrameworksBuildPhase;
			buildActionMask = 2147483647;
			files = (
				7200223024322BA40021CEF5 /* Fetch.framework in Frameworks */,
				7202455C2430CFC80058C344 /* ECommerceStoreAPI.framework in Frameworks */,
				720245742430D9870058C344 /* Nimble.framework in Frameworks */,
			);
			runOnlyForDeploymentPostprocessing = 0;
		};
/* End PBXFrameworksBuildPhase section */

/* Begin PBXGroup section */
		7202450D2430CF4C0058C344 = {
			isa = PBXGroup;
			children = (
				720245182430CF4C0058C344 /* ECommerceStore */,
				720245342430CF510058C344 /* ECommerceStoreTests */,
				7202453F2430CF510058C344 /* ECommerceStoreUITests */,
				720245542430CFC70058C344 /* ECommerceStoreAPI */,
				720245612430CFC80058C344 /* ECommerceStoreAPITests */,
				720245712430D9670058C344 /* Frameworks */,
				720245172430CF4C0058C344 /* Products */,
			);
			sourceTree = "<group>";
		};
		720245172430CF4C0058C344 /* Products */ = {
			isa = PBXGroup;
			children = (
				720245162430CF4C0058C344 /* ECommerceStore.app */,
				720245312430CF510058C344 /* ECommerceStoreTests.xctest */,
				7202453C2430CF510058C344 /* ECommerceStoreUITests.xctest */,
				720245532430CFC70058C344 /* ECommerceStoreAPI.framework */,
				7202455B2430CFC80058C344 /* ECommerceStoreAPITests.xctest */,
			);
			name = Products;
			sourceTree = "<group>";
		};
		720245182430CF4C0058C344 /* ECommerceStore */ = {
			isa = PBXGroup;
			children = (
				72377C202435E6F7003CD25E /* Startup */,
				72377C212435E70B003CD25E /* Browse */,
				72377C222435E721003CD25E /* Wishlist */,
				7277D5A72436246200F35BE3 /* Cart */,
				72377C232435E73D003CD25E /* Extensions */,
				720245212430CF4C0058C344 /* Main.storyboard */,
				720245272430CF500058C344 /* Assets.xcassets */,
				720245292430CF500058C344 /* LaunchScreen.storyboard */,
				7202452C2430CF500058C344 /* Info.plist */,
				720245242430CF4C0058C344 /* ECommerceStore.xcdatamodeld */,
			);
			path = ECommerceStore;
			sourceTree = "<group>";
		};
		720245342430CF510058C344 /* ECommerceStoreTests */ = {
			isa = PBXGroup;
			children = (
				720245372430CF510058C344 /* Info.plist */,
				7276C7A92433D97A00C0E963 /* ProductListDataSourceTests.swift */,
				72377C242435EC82003CD25E /* WishListDataControllerTests.swift */,
				7276C7AC2433DB0D00C0E963 /* TestProducts.swift */,
				7276C7AE2433DC8300C0E963 /* TestProducts.json */,
			);
			path = ECommerceStoreTests;
			sourceTree = "<group>";
		};
		7202453F2430CF510058C344 /* ECommerceStoreUITests */ = {
			isa = PBXGroup;
			children = (
				720245402430CF510058C344 /* ECommerceStoreUITests.swift */,
				720245422430CF510058C344 /* Info.plist */,
			);
			path = ECommerceStoreUITests;
			sourceTree = "<group>";
		};
		720245542430CFC70058C344 /* ECommerceStoreAPI */ = {
			isa = PBXGroup;
			children = (
				729E126424348E9F0054FA03 /* GetProducts */,
				729E126524348EAD0054FA03 /* AddToCart */,
				7277D5AA243624C000F35BE3 /* GetCart */,
				720245562430CFC70058C344 /* Info.plist */,
				720245552430CFC70058C344 /* ECommerceStoreAPI.h */,
				720245802432180C0058C344 /* ECommerceStoreAPIRequests.swift */,
			);
			path = ECommerceStoreAPI;
			sourceTree = "<group>";
		};
		720245612430CFC80058C344 /* ECommerceStoreAPITests */ = {
			isa = PBXGroup;
			children = (
				729E126324348E910054FA03 /* AddToCart */,
				729E126224348E7A0054FA03 /* GetProducts */,
				7277D5B12436265900F35BE3 /* GetCart */,
				720245642430CFC80058C344 /* Info.plist */,
			);
			path = ECommerceStoreAPITests;
			sourceTree = "<group>";
		};
		720245712430D9670058C344 /* Frameworks */ = {
			isa = PBXGroup;
			children = (
				720245752430DE780058C344 /* Fetch.framework */,
				720245722430D9870058C344 /* Nimble.framework */,
			);
			path = Frameworks;
			sourceTree = "<group>";
		};
		72377C202435E6F7003CD25E /* Startup */ = {
			isa = PBXGroup;
			children = (
				720245192430CF4C0058C344 /* AppDelegate.swift */,
				7202451B2430CF4C0058C344 /* SceneDelegate.swift */,
			);
			path = Startup;
			sourceTree = "<group>";
		};
		72377C212435E70B003CD25E /* Browse */ = {
			isa = PBXGroup;
			children = (
				7202451D2430CF4C0058C344 /* ProductsViewController.swift */,
				7200223A243342750021CEF5 /* ProductViewCell.swift */,
				72377C1C2435D639003CD25E /* ProductViewModel.swift */,
				7276C7A52433CA4200C0E963 /* ProductListDataSource.swift */,
				72377C2D24361589003CD25E /* RepresentableProtocols.swift */,
			);
			path = Browse;
			sourceTree = "<group>";
		};
		72377C222435E721003CD25E /* Wishlist */ = {
			isa = PBXGroup;
			children = (
				7202451F2430CF4C0058C344 /* WishListViewController.swift */,
				72377C272436012C003CD25E /* WishListDataSource.swift */,
				72377C29243601AF003CD25E /* WishlistTableViewCell.swift */,
				72377C2B24360230003CD25E /* WishListViewModel.swift */,
				729E127424353B800054FA03 /* WishListDataController.swift */,
				729E1270243539830054FA03 /* WishlistProduct+CoreDataClass.swift */,
				729E1271243539830054FA03 /* WishlistProduct+CoreDataProperties.swift */,
			);
			path = Wishlist;
			sourceTree = "<group>";
		};
		72377C232435E73D003CD25E /* Extensions */ = {
			isa = PBXGroup;
			children = (
				7276C7A72433D4B000C0E963 /* Extension+String.swift */,
				72377C1E2435DF6D003CD25E /* ViewController+Alerts.swift */,
			);
			path = Extensions;
			sourceTree = "<group>";
		};
		7277D5A72436246200F35BE3 /* Cart */ = {
			isa = PBXGroup;
			children = (
				7277D5A82436248700F35BE3 /* CartViewController.swift */,
				7277D5BE24362E4D00F35BE3 /* CartListDataSource.swift */,
				7277D5C02436329500F35BE3 /* CartItemTableViewCell.swift */,
			);
			path = Cart;
			sourceTree = "<group>";
		};
		7277D5AA243624C000F35BE3 /* GetCart */ = {
			isa = PBXGroup;
			children = (
				7277D5AF2436255100F35BE3 /* CartItem.swift */,
				7277D5AB2436250600F35BE3 /* CartRequest.swift */,
				7277D5AC2436250600F35BE3 /* CartResponse.swift */,
			);
			path = GetCart;
			sourceTree = "<group>";
		};
		7277D5B12436265900F35BE3 /* GetCart */ = {
			isa = PBXGroup;
			children = (
				7277D5B4243626BB00F35BE3 /* GetCartRequestTests.swift */,
				7277D5BC2436271C00F35BE3 /* GetCartResponseTests.swift */,
				7277D5B6243626BB00F35BE3 /* GetCartSuccessResponse.json */,
				7277D5B5243626BB00F35BE3 /* GetCartMissingDataResponse.json */,
				7277D5B3243626BB00F35BE3 /* GetCartWithNoProductResponse.json */,
			);
			path = GetCart;
			sourceTree = "<group>";
		};
		729E126224348E7A0054FA03 /* GetProducts */ = {
			isa = PBXGroup;
			children = (
				729E1256243484B40054FA03 /* ProductRequestTests.swift */,
				729E1258243485270054FA03 /* ProductResponseTests.swift */,
				7200223124322C210021CEF5 /* GetProductSuccessResponse.json */,
				7200223324322F910021CEF5 /* GetProductSuccessResponseNoProducts.json */,
				7200223524322FF90021CEF5 /* GetProductSuccessResponseMissingData.json */,
			);
			path = GetProducts;
			sourceTree = "<group>";
		};
		729E126324348E910054FA03 /* AddToCart */ = {
			isa = PBXGroup;
			children = (
				729E125A243485E50054FA03 /* AddToCartRequestTests.swift */,
				729E125C243487260054FA03 /* AddToCartResponseTests.swift */,
				729E125E243488610054FA03 /* AddToCartProductNotInStockResponse.json */,
				729E125F243488610054FA03 /* AddToCartSuccessResponse.json */,
				729E1266243493300054FA03 /* AddToCartMissingDataResponse.json */,
			);
			path = AddToCart;
			sourceTree = "<group>";
		};
		729E126424348E9F0054FA03 /* GetProducts */ = {
			isa = PBXGroup;
			children = (
				720245772430DEFB0058C344 /* Product.swift */,
				72024579243214210058C344 /* ProductRequest.swift */,
				7202457B243214EF0058C344 /* ProductResponse.swift */,
			);
			path = GetProducts;
			sourceTree = "<group>";
		};
		729E126524348EAD0054FA03 /* AddToCart */ = {
			isa = PBXGroup;
			children = (
				729E1252243480610054FA03 /* AddToCartRequest.swift */,
				729E12542434806D0054FA03 /* AddToCartResponse.swift */,
			);
			path = AddToCart;
			sourceTree = "<group>";
		};
/* End PBXGroup section */

/* Begin PBXHeadersBuildPhase section */
		7202454E2430CFC70058C344 /* Headers */ = {
			isa = PBXHeadersBuildPhase;
			buildActionMask = 2147483647;
			files = (
				720245652430CFC80058C344 /* ECommerceStoreAPI.h in Headers */,
			);
			runOnlyForDeploymentPostprocessing = 0;
		};
/* End PBXHeadersBuildPhase section */

/* Begin PBXNativeTarget section */
		720245152430CF4C0058C344 /* ECommerceStore */ = {
			isa = PBXNativeTarget;
			buildConfigurationList = 720245452430CF510058C344 /* Build configuration list for PBXNativeTarget "ECommerceStore" */;
			buildPhases = (
				720245122430CF4C0058C344 /* Sources */,
				720245132430CF4C0058C344 /* Frameworks */,
				720245142430CF4C0058C344 /* Resources */,
				7202456D2430CFC80058C344 /* Embed Frameworks */,
			);
			buildRules = (
			);
			dependencies = (
				7202457F243216890058C344 /* PBXTargetDependency */,
			);
			name = ECommerceStore;
			productName = ECommerceStore;
			productReference = 720245162430CF4C0058C344 /* ECommerceStore.app */;
			productType = "com.apple.product-type.application";
		};
		720245302430CF510058C344 /* ECommerceStoreTests */ = {
			isa = PBXNativeTarget;
			buildConfigurationList = 720245482430CF510058C344 /* Build configuration list for PBXNativeTarget "ECommerceStoreTests" */;
			buildPhases = (
				7202452D2430CF510058C344 /* Sources */,
				7202452E2430CF510058C344 /* Frameworks */,
				7202452F2430CF510058C344 /* Resources */,
				7276C7B02433DD6F00C0E963 /* Carthage copy framework */,
			);
			buildRules = (
			);
			dependencies = (
				720245332430CF510058C344 /* PBXTargetDependency */,
			);
			name = ECommerceStoreTests;
			productName = ECommerceStoreTests;
			productReference = 720245312430CF510058C344 /* ECommerceStoreTests.xctest */;
			productType = "com.apple.product-type.bundle.unit-test";
		};
		7202453B2430CF510058C344 /* ECommerceStoreUITests */ = {
			isa = PBXNativeTarget;
			buildConfigurationList = 7202454B2430CF510058C344 /* Build configuration list for PBXNativeTarget "ECommerceStoreUITests" */;
			buildPhases = (
				720245382430CF510058C344 /* Sources */,
				720245392430CF510058C344 /* Frameworks */,
				7202453A2430CF510058C344 /* Resources */,
			);
			buildRules = (
			);
			dependencies = (
				7202453E2430CF510058C344 /* PBXTargetDependency */,
			);
			name = ECommerceStoreUITests;
			productName = ECommerceStoreUITests;
			productReference = 7202453C2430CF510058C344 /* ECommerceStoreUITests.xctest */;
			productType = "com.apple.product-type.bundle.ui-testing";
		};
		720245522430CFC70058C344 /* ECommerceStoreAPI */ = {
			isa = PBXNativeTarget;
			buildConfigurationList = 7202456A2430CFC80058C344 /* Build configuration list for PBXNativeTarget "ECommerceStoreAPI" */;
			buildPhases = (
				7202454E2430CFC70058C344 /* Headers */,
				7202454F2430CFC70058C344 /* Sources */,
				720245502430CFC70058C344 /* Frameworks */,
				720245512430CFC70058C344 /* Resources */,
				72024584243219550058C344 /* Embed Frameworks */,
			);
			buildRules = (
			);
			dependencies = (
			);
			name = ECommerceStoreAPI;
			productName = ECommerceStoreAPI;
			productReference = 720245532430CFC70058C344 /* ECommerceStoreAPI.framework */;
			productType = "com.apple.product-type.framework";
		};
		7202455A2430CFC80058C344 /* ECommerceStoreAPITests */ = {
			isa = PBXNativeTarget;
			buildConfigurationList = 7202456E2430CFC80058C344 /* Build configuration list for PBXNativeTarget "ECommerceStoreAPITests" */;
			buildPhases = (
				720245572430CFC80058C344 /* Sources */,
				720245582430CFC80058C344 /* Frameworks */,
				720245592430CFC80058C344 /* Resources */,
				7200222E243228030021CEF5 /* Carthage copy frameworks */,
			);
			buildRules = (
			);
			dependencies = (
				7202455E2430CFC80058C344 /* PBXTargetDependency */,
			);
			name = ECommerceStoreAPITests;
			productName = ECommerceStoreAPITests;
			productReference = 7202455B2430CFC80058C344 /* ECommerceStoreAPITests.xctest */;
			productType = "com.apple.product-type.bundle.unit-test";
		};
/* End PBXNativeTarget section */

/* Begin PBXProject section */
		7202450E2430CF4C0058C344 /* Project object */ = {
			isa = PBXProject;
			attributes = {
				LastSwiftUpdateCheck = 1130;
				LastUpgradeCheck = 1130;
				ORGANIZATIONNAME = "Shrikantreddy Tekale";
				TargetAttributes = {
					720245152430CF4C0058C344 = {
						CreatedOnToolsVersion = 11.3.1;
					};
					720245302430CF510058C344 = {
						CreatedOnToolsVersion = 11.3.1;
						TestTargetID = 720245152430CF4C0058C344;
					};
					7202453B2430CF510058C344 = {
						CreatedOnToolsVersion = 11.3.1;
						TestTargetID = 720245152430CF4C0058C344;
					};
					720245522430CFC70058C344 = {
						CreatedOnToolsVersion = 11.3.1;
						LastSwiftMigration = 1130;
					};
					7202455A2430CFC80058C344 = {
						CreatedOnToolsVersion = 11.3.1;
						TestTargetID = 720245152430CF4C0058C344;
					};
				};
			};
			buildConfigurationList = 720245112430CF4C0058C344 /* Build configuration list for PBXProject "ECommerceStore" */;
			compatibilityVersion = "Xcode 9.3";
			developmentRegion = en;
			hasScannedForEncodings = 0;
			knownRegions = (
				en,
				Base,
			);
			mainGroup = 7202450D2430CF4C0058C344;
			productRefGroup = 720245172430CF4C0058C344 /* Products */;
			projectDirPath = "";
			projectRoot = "";
			targets = (
				720245152430CF4C0058C344 /* ECommerceStore */,
				720245302430CF510058C344 /* ECommerceStoreTests */,
				7202453B2430CF510058C344 /* ECommerceStoreUITests */,
				720245522430CFC70058C344 /* ECommerceStoreAPI */,
				7202455A2430CFC80058C344 /* ECommerceStoreAPITests */,
			);
		};
/* End PBXProject section */

/* Begin PBXResourcesBuildPhase section */
		720245142430CF4C0058C344 /* Resources */ = {
			isa = PBXResourcesBuildPhase;
			buildActionMask = 2147483647;
			files = (
				7202452B2430CF500058C344 /* LaunchScreen.storyboard in Resources */,
				720245282430CF500058C344 /* Assets.xcassets in Resources */,
				720245232430CF4C0058C344 /* Main.storyboard in Resources */,
			);
			runOnlyForDeploymentPostprocessing = 0;
		};
		7202452F2430CF510058C344 /* Resources */ = {
			isa = PBXResourcesBuildPhase;
			buildActionMask = 2147483647;
			files = (
				7276C7AF2433DC8300C0E963 /* TestProducts.json in Resources */,
			);
			runOnlyForDeploymentPostprocessing = 0;
		};
		7202453A2430CF510058C344 /* Resources */ = {
			isa = PBXResourcesBuildPhase;
			buildActionMask = 2147483647;
			files = (
			);
			runOnlyForDeploymentPostprocessing = 0;
		};
		720245512430CFC70058C344 /* Resources */ = {
			isa = PBXResourcesBuildPhase;
			buildActionMask = 2147483647;
			files = (
			);
			runOnlyForDeploymentPostprocessing = 0;
		};
		720245592430CFC80058C344 /* Resources */ = {
			isa = PBXResourcesBuildPhase;
			buildActionMask = 2147483647;
			files = (
				7200223624322FF90021CEF5 /* GetProductSuccessResponseMissingData.json in Resources */,
				729E1261243488610054FA03 /* AddToCartSuccessResponse.json in Resources */,
				7200223424322F910021CEF5 /* GetProductSuccessResponseNoProducts.json in Resources */,
				729E1260243488610054FA03 /* AddToCartProductNotInStockResponse.json in Resources */,
				7277D5BA243626BB00F35BE3 /* GetCartMissingDataResponse.json in Resources */,
				7277D5B8243626BB00F35BE3 /* GetCartWithNoProductResponse.json in Resources */,
				729E1267243493300054FA03 /* AddToCartMissingDataResponse.json in Resources */,
				7200223224322C210021CEF5 /* GetProductSuccessResponse.json in Resources */,
				7277D5BB243626BB00F35BE3 /* GetCartSuccessResponse.json in Resources */,
			);
			runOnlyForDeploymentPostprocessing = 0;
		};
/* End PBXResourcesBuildPhase section */

/* Begin PBXShellScriptBuildPhase section */
		7200222E243228030021CEF5 /* Carthage copy frameworks */ = {
			isa = PBXShellScriptBuildPhase;
			buildActionMask = 2147483647;
			files = (
			);
			inputFileListPaths = (
			);
			inputPaths = (
				"$(SRCROOT)/Carthage/Build/iOS/Nimble.framework",
				"$(SRCROOT)/Carthage/Build/iOS/Fetch.framework",
			);
			name = "Carthage copy frameworks";
			outputFileListPaths = (
			);
			outputPaths = (
			);
			runOnlyForDeploymentPostprocessing = 0;
			shellPath = /bin/sh;
			shellScript = "/usr/local/bin/carthage copy-frameworks\n";
		};
		7276C7B02433DD6F00C0E963 /* Carthage copy framework */ = {
			isa = PBXShellScriptBuildPhase;
			buildActionMask = 2147483647;
			files = (
			);
			inputFileListPaths = (
			);
			inputPaths = (
				"$(SRCROOT)/Carthage/Build/iOS/Nimble.framework",
			);
			name = "Carthage copy framework";
			outputFileListPaths = (
			);
			outputPaths = (
			);
			runOnlyForDeploymentPostprocessing = 0;
			shellPath = /bin/sh;
			shellScript = "/usr/local/bin/carthage copy-frameworks\n";
		};
/* End PBXShellScriptBuildPhase section */

/* Begin PBXSourcesBuildPhase section */
		720245122430CF4C0058C344 /* Sources */ = {
			isa = PBXSourcesBuildPhase;
			buildActionMask = 2147483647;
			files = (
				729E1273243539830054FA03 /* WishlistProduct+CoreDataProperties.swift in Sources */,
				72377C1F2435DF6D003CD25E /* ViewController+Alerts.swift in Sources */,
				7276C7A82433D4B000C0E963 /* Extension+String.swift in Sources */,
				7277D5BF24362E4D00F35BE3 /* CartListDataSource.swift in Sources */,
				720245202430CF4C0058C344 /* WishListViewController.swift in Sources */,
				7276C7A62433CA4200C0E963 /* ProductListDataSource.swift in Sources */,
				72377C2A243601AF003CD25E /* WishlistTableViewCell.swift in Sources */,
				729E127524353B800054FA03 /* WishListDataController.swift in Sources */,
				720245262430CF4C0058C344 /* ECommerceStore.xcdatamodeld in Sources */,
				72377C282436012C003CD25E /* WishListDataSource.swift in Sources */,
				72377C2C24360230003CD25E /* WishListViewModel.swift in Sources */,
				72377C1D2435D639003CD25E /* ProductViewModel.swift in Sources */,
				72377C2E24361589003CD25E /* RepresentableProtocols.swift in Sources */,
				7200223B243342750021CEF5 /* ProductViewCell.swift in Sources */,
				7277D5C12436329500F35BE3 /* CartItemTableViewCell.swift in Sources */,
				729E1272243539830054FA03 /* WishlistProduct+CoreDataClass.swift in Sources */,
				7202451E2430CF4C0058C344 /* ProductsViewController.swift in Sources */,
				7202451A2430CF4C0058C344 /* AppDelegate.swift in Sources */,
				7277D5A92436248700F35BE3 /* CartViewController.swift in Sources */,
				7202451C2430CF4C0058C344 /* SceneDelegate.swift in Sources */,
			);
			runOnlyForDeploymentPostprocessing = 0;
		};
		7202452D2430CF510058C344 /* Sources */ = {
			isa = PBXSourcesBuildPhase;
			buildActionMask = 2147483647;
			files = (
				72377C262435EE1B003CD25E /* ECommerceStore.xcdatamodeld in Sources */,
				72377C252435EC82003CD25E /* WishListDataControllerTests.swift in Sources */,
				7276C7AD2433DB0D00C0E963 /* TestProducts.swift in Sources */,
				7276C7AA2433D97A00C0E963 /* ProductListDataSourceTests.swift in Sources */,
			);
			runOnlyForDeploymentPostprocessing = 0;
		};
		720245382430CF510058C344 /* Sources */ = {
			isa = PBXSourcesBuildPhase;
			buildActionMask = 2147483647;
			files = (
				720245412430CF510058C344 /* ECommerceStoreUITests.swift in Sources */,
			);
			runOnlyForDeploymentPostprocessing = 0;
		};
		7202454F2430CFC70058C344 /* Sources */ = {
			isa = PBXSourcesBuildPhase;
			buildActionMask = 2147483647;
			files = (
				7202457C243214EF0058C344 /* ProductResponse.swift in Sources */,
				729E12552434806D0054FA03 /* AddToCartResponse.swift in Sources */,
				720245812432180C0058C344 /* ECommerceStoreAPIRequests.swift in Sources */,
				720245782430DEFB0058C344 /* Product.swift in Sources */,
				7277D5B02436255200F35BE3 /* CartItem.swift in Sources */,
				7202457A243214210058C344 /* ProductRequest.swift in Sources */,
				729E1253243480610054FA03 /* AddToCartRequest.swift in Sources */,
				7277D5AE2436250700F35BE3 /* CartResponse.swift in Sources */,
				7277D5AD2436250700F35BE3 /* CartRequest.swift in Sources */,
			);
			runOnlyForDeploymentPostprocessing = 0;
		};
		720245572430CFC80058C344 /* Sources */ = {
			isa = PBXSourcesBuildPhase;
			buildActionMask = 2147483647;
			files = (
				729E125B243485E50054FA03 /* AddToCartRequestTests.swift in Sources */,
				729E1259243485270054FA03 /* ProductResponseTests.swift in Sources */,
				7277D5B9243626BB00F35BE3 /* GetCartRequestTests.swift in Sources */,
				7277D5BD2436271C00F35BE3 /* GetCartResponseTests.swift in Sources */,
				729E1257243484B40054FA03 /* ProductRequestTests.swift in Sources */,
				729E125D243487260054FA03 /* AddToCartResponseTests.swift in Sources */,
			);
			runOnlyForDeploymentPostprocessing = 0;
		};
/* End PBXSourcesBuildPhase section */

/* Begin PBXTargetDependency section */
		720245332430CF510058C344 /* PBXTargetDependency */ = {
			isa = PBXTargetDependency;
			platformFilter = ios;
			target = 720245152430CF4C0058C344 /* ECommerceStore */;
			targetProxy = 720245322430CF510058C344 /* PBXContainerItemProxy */;
		};
		7202453E2430CF510058C344 /* PBXTargetDependency */ = {
			isa = PBXTargetDependency;
			platformFilter = ios;
			target = 720245152430CF4C0058C344 /* ECommerceStore */;
			targetProxy = 7202453D2430CF510058C344 /* PBXContainerItemProxy */;
		};
		7202455E2430CFC80058C344 /* PBXTargetDependency */ = {
			isa = PBXTargetDependency;
			platformFilter = ios;
			target = 720245522430CFC70058C344 /* ECommerceStoreAPI */;
			targetProxy = 7202455D2430CFC80058C344 /* PBXContainerItemProxy */;
		};
		7202457F243216890058C344 /* PBXTargetDependency */ = {
			isa = PBXTargetDependency;
			target = 720245522430CFC70058C344 /* ECommerceStoreAPI */;
			targetProxy = 7202457E243216890058C344 /* PBXContainerItemProxy */;
		};
/* End PBXTargetDependency section */

/* Begin PBXVariantGroup section */
		720245212430CF4C0058C344 /* Main.storyboard */ = {
			isa = PBXVariantGroup;
			children = (
				720245222430CF4C0058C344 /* Base */,
			);
			name = Main.storyboard;
			sourceTree = "<group>";
		};
		720245292430CF500058C344 /* LaunchScreen.storyboard */ = {
			isa = PBXVariantGroup;
			children = (
				7202452A2430CF500058C344 /* Base */,
			);
			name = LaunchScreen.storyboard;
			sourceTree = "<group>";
		};
/* End PBXVariantGroup section */

/* Begin XCBuildConfiguration section */
		720245432430CF510058C344 /* Debug */ = {
			isa = XCBuildConfiguration;
			buildSettings = {
				ALWAYS_SEARCH_USER_PATHS = NO;
				CLANG_ANALYZER_NONNULL = YES;
				CLANG_ANALYZER_NUMBER_OBJECT_CONVERSION = YES_AGGRESSIVE;
				CLANG_CXX_LANGUAGE_STANDARD = "gnu++14";
				CLANG_CXX_LIBRARY = "libc++";
				CLANG_ENABLE_MODULES = YES;
				CLANG_ENABLE_OBJC_ARC = YES;
				CLANG_ENABLE_OBJC_WEAK = YES;
				CLANG_WARN_BLOCK_CAPTURE_AUTORELEASING = YES;
				CLANG_WARN_BOOL_CONVERSION = YES;
				CLANG_WARN_COMMA = YES;
				CLANG_WARN_CONSTANT_CONVERSION = YES;
				CLANG_WARN_DEPRECATED_OBJC_IMPLEMENTATIONS = YES;
				CLANG_WARN_DIRECT_OBJC_ISA_USAGE = YES_ERROR;
				CLANG_WARN_DOCUMENTATION_COMMENTS = YES;
				CLANG_WARN_EMPTY_BODY = YES;
				CLANG_WARN_ENUM_CONVERSION = YES;
				CLANG_WARN_INFINITE_RECURSION = YES;
				CLANG_WARN_INT_CONVERSION = YES;
				CLANG_WARN_NON_LITERAL_NULL_CONVERSION = YES;
				CLANG_WARN_OBJC_IMPLICIT_RETAIN_SELF = YES;
				CLANG_WARN_OBJC_LITERAL_CONVERSION = YES;
				CLANG_WARN_OBJC_ROOT_CLASS = YES_ERROR;
				CLANG_WARN_RANGE_LOOP_ANALYSIS = YES;
				CLANG_WARN_STRICT_PROTOTYPES = YES;
				CLANG_WARN_SUSPICIOUS_MOVE = YES;
				CLANG_WARN_UNGUARDED_AVAILABILITY = YES_AGGRESSIVE;
				CLANG_WARN_UNREACHABLE_CODE = YES;
				CLANG_WARN__DUPLICATE_METHOD_MATCH = YES;
				COPY_PHASE_STRIP = NO;
				DEBUG_INFORMATION_FORMAT = dwarf;
				ENABLE_STRICT_OBJC_MSGSEND = YES;
				ENABLE_TESTABILITY = YES;
				GCC_C_LANGUAGE_STANDARD = gnu11;
				GCC_DYNAMIC_NO_PIC = NO;
				GCC_NO_COMMON_BLOCKS = YES;
				GCC_OPTIMIZATION_LEVEL = 0;
				GCC_PREPROCESSOR_DEFINITIONS = (
					"DEBUG=1",
					"$(inherited)",
				);
				GCC_WARN_64_TO_32_BIT_CONVERSION = YES;
				GCC_WARN_ABOUT_RETURN_TYPE = YES_ERROR;
				GCC_WARN_UNDECLARED_SELECTOR = YES;
				GCC_WARN_UNINITIALIZED_AUTOS = YES_AGGRESSIVE;
				GCC_WARN_UNUSED_FUNCTION = YES;
				GCC_WARN_UNUSED_VARIABLE = YES;
				IPHONEOS_DEPLOYMENT_TARGET = 13.2;
				MTL_ENABLE_DEBUG_INFO = INCLUDE_SOURCE;
				MTL_FAST_MATH = YES;
				ONLY_ACTIVE_ARCH = YES;
				SDKROOT = iphoneos;
				SWIFT_ACTIVE_COMPILATION_CONDITIONS = DEBUG;
				SWIFT_OPTIMIZATION_LEVEL = "-Onone";
			};
			name = Debug;
		};
		720245442430CF510058C344 /* Release */ = {
			isa = XCBuildConfiguration;
			buildSettings = {
				ALWAYS_SEARCH_USER_PATHS = NO;
				CLANG_ANALYZER_NONNULL = YES;
				CLANG_ANALYZER_NUMBER_OBJECT_CONVERSION = YES_AGGRESSIVE;
				CLANG_CXX_LANGUAGE_STANDARD = "gnu++14";
				CLANG_CXX_LIBRARY = "libc++";
				CLANG_ENABLE_MODULES = YES;
				CLANG_ENABLE_OBJC_ARC = YES;
				CLANG_ENABLE_OBJC_WEAK = YES;
				CLANG_WARN_BLOCK_CAPTURE_AUTORELEASING = YES;
				CLANG_WARN_BOOL_CONVERSION = YES;
				CLANG_WARN_COMMA = YES;
				CLANG_WARN_CONSTANT_CONVERSION = YES;
				CLANG_WARN_DEPRECATED_OBJC_IMPLEMENTATIONS = YES;
				CLANG_WARN_DIRECT_OBJC_ISA_USAGE = YES_ERROR;
				CLANG_WARN_DOCUMENTATION_COMMENTS = YES;
				CLANG_WARN_EMPTY_BODY = YES;
				CLANG_WARN_ENUM_CONVERSION = YES;
				CLANG_WARN_INFINITE_RECURSION = YES;
				CLANG_WARN_INT_CONVERSION = YES;
				CLANG_WARN_NON_LITERAL_NULL_CONVERSION = YES;
				CLANG_WARN_OBJC_IMPLICIT_RETAIN_SELF = YES;
				CLANG_WARN_OBJC_LITERAL_CONVERSION = YES;
				CLANG_WARN_OBJC_ROOT_CLASS = YES_ERROR;
				CLANG_WARN_RANGE_LOOP_ANALYSIS = YES;
				CLANG_WARN_STRICT_PROTOTYPES = YES;
				CLANG_WARN_SUSPICIOUS_MOVE = YES;
				CLANG_WARN_UNGUARDED_AVAILABILITY = YES_AGGRESSIVE;
				CLANG_WARN_UNREACHABLE_CODE = YES;
				CLANG_WARN__DUPLICATE_METHOD_MATCH = YES;
				COPY_PHASE_STRIP = NO;
				DEBUG_INFORMATION_FORMAT = "dwarf-with-dsym";
				ENABLE_NS_ASSERTIONS = NO;
				ENABLE_STRICT_OBJC_MSGSEND = YES;
				GCC_C_LANGUAGE_STANDARD = gnu11;
				GCC_NO_COMMON_BLOCKS = YES;
				GCC_WARN_64_TO_32_BIT_CONVERSION = YES;
				GCC_WARN_ABOUT_RETURN_TYPE = YES_ERROR;
				GCC_WARN_UNDECLARED_SELECTOR = YES;
				GCC_WARN_UNINITIALIZED_AUTOS = YES_AGGRESSIVE;
				GCC_WARN_UNUSED_FUNCTION = YES;
				GCC_WARN_UNUSED_VARIABLE = YES;
				IPHONEOS_DEPLOYMENT_TARGET = 13.2;
				MTL_ENABLE_DEBUG_INFO = NO;
				MTL_FAST_MATH = YES;
				SDKROOT = iphoneos;
				SWIFT_COMPILATION_MODE = wholemodule;
				SWIFT_OPTIMIZATION_LEVEL = "-O";
				VALIDATE_PRODUCT = YES;
			};
			name = Release;
		};
		720245462430CF510058C344 /* Debug */ = {
			isa = XCBuildConfiguration;
			buildSettings = {
				ALWAYS_EMBED_SWIFT_STANDARD_LIBRARIES = YES;
				ASSETCATALOG_COMPILER_APPICON_NAME = AppIcon;
				CODE_SIGN_STYLE = Automatic;
				INFOPLIST_FILE = ECommerceStore/Info.plist;
				LD_RUNPATH_SEARCH_PATHS = (
					"$(inherited)",
					"@executable_path/Frameworks",
				);
				PRODUCT_BUNDLE_IDENTIFIER = co.uk.shri.ECommerceStore;
				PRODUCT_NAME = "$(TARGET_NAME)";
				SWIFT_VERSION = 5.0;
				TARGETED_DEVICE_FAMILY = "1,2";
			};
			name = Debug;
		};
		720245472430CF510058C344 /* Release */ = {
			isa = XCBuildConfiguration;
			buildSettings = {
				ALWAYS_EMBED_SWIFT_STANDARD_LIBRARIES = YES;
				ASSETCATALOG_COMPILER_APPICON_NAME = AppIcon;
				CODE_SIGN_STYLE = Automatic;
				INFOPLIST_FILE = ECommerceStore/Info.plist;
				LD_RUNPATH_SEARCH_PATHS = (
					"$(inherited)",
					"@executable_path/Frameworks",
				);
				PRODUCT_BUNDLE_IDENTIFIER = co.uk.shri.ECommerceStore;
				PRODUCT_NAME = "$(TARGET_NAME)";
				SWIFT_VERSION = 5.0;
				TARGETED_DEVICE_FAMILY = "1,2";
			};
			name = Release;
		};
		720245492430CF510058C344 /* Debug */ = {
			isa = XCBuildConfiguration;
			buildSettings = {
				ALWAYS_EMBED_SWIFT_STANDARD_LIBRARIES = YES;
				BUNDLE_LOADER = "$(TEST_HOST)";
				CODE_SIGN_STYLE = Automatic;
				FRAMEWORK_SEARCH_PATHS = (
					"$(inherited)",
					"$(PROJECT_DIR)/Carthage/Build/iOS",
				);
				INFOPLIST_FILE = ECommerceStoreTests/Info.plist;
				IPHONEOS_DEPLOYMENT_TARGET = 13.2;
				LD_RUNPATH_SEARCH_PATHS = (
					"$(inherited)",
					"@executable_path/Frameworks",
					"@loader_path/Frameworks",
				);
				PRODUCT_BUNDLE_IDENTIFIER = co.uk.shri.ECommerceStoreTests;
				PRODUCT_NAME = "$(TARGET_NAME)";
				SWIFT_VERSION = 5.0;
				TARGETED_DEVICE_FAMILY = "1,2";
				TEST_HOST = "$(BUILT_PRODUCTS_DIR)/ECommerceStore.app/ECommerceStore";
			};
			name = Debug;
		};
		7202454A2430CF510058C344 /* Release */ = {
			isa = XCBuildConfiguration;
			buildSettings = {
				ALWAYS_EMBED_SWIFT_STANDARD_LIBRARIES = YES;
				BUNDLE_LOADER = "$(TEST_HOST)";
				CODE_SIGN_STYLE = Automatic;
				FRAMEWORK_SEARCH_PATHS = (
					"$(inherited)",
					"$(PROJECT_DIR)/Carthage/Build/iOS",
				);
				INFOPLIST_FILE = ECommerceStoreTests/Info.plist;
				IPHONEOS_DEPLOYMENT_TARGET = 13.2;
				LD_RUNPATH_SEARCH_PATHS = (
					"$(inherited)",
					"@executable_path/Frameworks",
					"@loader_path/Frameworks",
				);
				PRODUCT_BUNDLE_IDENTIFIER = co.uk.shri.ECommerceStoreTests;
				PRODUCT_NAME = "$(TARGET_NAME)";
				SWIFT_VERSION = 5.0;
				TARGETED_DEVICE_FAMILY = "1,2";
				TEST_HOST = "$(BUILT_PRODUCTS_DIR)/ECommerceStore.app/ECommerceStore";
			};
			name = Release;
		};
		7202454C2430CF510058C344 /* Debug */ = {
			isa = XCBuildConfiguration;
			buildSettings = {
				ALWAYS_EMBED_SWIFT_STANDARD_LIBRARIES = YES;
				CODE_SIGN_STYLE = Automatic;
				INFOPLIST_FILE = ECommerceStoreUITests/Info.plist;
				LD_RUNPATH_SEARCH_PATHS = (
					"$(inherited)",
					"@executable_path/Frameworks",
					"@loader_path/Frameworks",
				);
				PRODUCT_BUNDLE_IDENTIFIER = co.uk.shri.ECommerceStoreUITests;
				PRODUCT_NAME = "$(TARGET_NAME)";
				SWIFT_VERSION = 5.0;
				TARGETED_DEVICE_FAMILY = "1,2";
				TEST_TARGET_NAME = ECommerceStore;
			};
			name = Debug;
		};
		7202454D2430CF510058C344 /* Release */ = {
			isa = XCBuildConfiguration;
			buildSettings = {
				ALWAYS_EMBED_SWIFT_STANDARD_LIBRARIES = YES;
				CODE_SIGN_STYLE = Automatic;
				INFOPLIST_FILE = ECommerceStoreUITests/Info.plist;
				LD_RUNPATH_SEARCH_PATHS = (
					"$(inherited)",
					"@executable_path/Frameworks",
					"@loader_path/Frameworks",
				);
				PRODUCT_BUNDLE_IDENTIFIER = co.uk.shri.ECommerceStoreUITests;
				PRODUCT_NAME = "$(TARGET_NAME)";
				SWIFT_VERSION = 5.0;
				TARGETED_DEVICE_FAMILY = "1,2";
				TEST_TARGET_NAME = ECommerceStore;
			};
			name = Release;
		};
		7202456B2430CFC80058C344 /* Debug */ = {
			isa = XCBuildConfiguration;
			buildSettings = {
				CLANG_ENABLE_MODULES = YES;
				CODE_SIGN_STYLE = Automatic;
				CURRENT_PROJECT_VERSION = 1;
				DEFINES_MODULE = YES;
				DYLIB_COMPATIBILITY_VERSION = 1;
				DYLIB_CURRENT_VERSION = 1;
				DYLIB_INSTALL_NAME_BASE = "@rpath";
				FRAMEWORK_SEARCH_PATHS = (
					"$(inherited)",
					"$(PROJECT_DIR)/Carthage/Build/iOS",
				);
				INFOPLIST_FILE = ECommerceStoreAPI/Info.plist;
				INSTALL_PATH = "$(LOCAL_LIBRARY_DIR)/Frameworks";
				LD_RUNPATH_SEARCH_PATHS = (
					"$(inherited)",
					"@executable_path/Frameworks",
					"@loader_path/Frameworks",
				);
				PRODUCT_BUNDLE_IDENTIFIER = co.uk.shri.ECommerceStoreAPI;
				PRODUCT_NAME = "$(TARGET_NAME:c99extidentifier)";
				SKIP_INSTALL = YES;
				SWIFT_OPTIMIZATION_LEVEL = "-Onone";
				SWIFT_VERSION = 5.0;
				TARGETED_DEVICE_FAMILY = "1,2";
				VERSIONING_SYSTEM = "apple-generic";
				VERSION_INFO_PREFIX = "";
			};
			name = Debug;
		};
		7202456C2430CFC80058C344 /* Release */ = {
			isa = XCBuildConfiguration;
			buildSettings = {
				CLANG_ENABLE_MODULES = YES;
				CODE_SIGN_STYLE = Automatic;
				CURRENT_PROJECT_VERSION = 1;
				DEFINES_MODULE = YES;
				DYLIB_COMPATIBILITY_VERSION = 1;
				DYLIB_CURRENT_VERSION = 1;
				DYLIB_INSTALL_NAME_BASE = "@rpath";
				FRAMEWORK_SEARCH_PATHS = (
					"$(inherited)",
					"$(PROJECT_DIR)/Carthage/Build/iOS",
				);
				INFOPLIST_FILE = ECommerceStoreAPI/Info.plist;
				INSTALL_PATH = "$(LOCAL_LIBRARY_DIR)/Frameworks";
				LD_RUNPATH_SEARCH_PATHS = (
					"$(inherited)",
					"@executable_path/Frameworks",
					"@loader_path/Frameworks",
				);
				PRODUCT_BUNDLE_IDENTIFIER = co.uk.shri.ECommerceStoreAPI;
				PRODUCT_NAME = "$(TARGET_NAME:c99extidentifier)";
				SKIP_INSTALL = YES;
				SWIFT_VERSION = 5.0;
				TARGETED_DEVICE_FAMILY = "1,2";
				VERSIONING_SYSTEM = "apple-generic";
				VERSION_INFO_PREFIX = "";
			};
			name = Release;
		};
		7202456F2430CFC80058C344 /* Debug */ = {
			isa = XCBuildConfiguration;
			buildSettings = {
				ALWAYS_EMBED_SWIFT_STANDARD_LIBRARIES = YES;
				CODE_SIGN_STYLE = Automatic;
				FRAMEWORK_SEARCH_PATHS = (
					"$(inherited)",
					"$(PROJECT_DIR)/Carthage/Build/iOS",
				);
				INFOPLIST_FILE = ECommerceStoreAPITests/Info.plist;
				LD_RUNPATH_SEARCH_PATHS = (
					"$(inherited)",
					"@executable_path/Frameworks",
					"@loader_path/Frameworks",
				);
				PRODUCT_BUNDLE_IDENTIFIER = co.uk.shri.ECommerceStoreAPITests;
				PRODUCT_NAME = "$(TARGET_NAME)";
				SWIFT_VERSION = 5.0;
				TARGETED_DEVICE_FAMILY = "1,2";
				TEST_HOST = "$(BUILT_PRODUCTS_DIR)/ECommerceStore.app/ECommerceStore";
			};
			name = Debug;
		};
		720245702430CFC80058C344 /* Release */ = {
			isa = XCBuildConfiguration;
			buildSettings = {
				ALWAYS_EMBED_SWIFT_STANDARD_LIBRARIES = YES;
				CODE_SIGN_STYLE = Automatic;
				FRAMEWORK_SEARCH_PATHS = (
					"$(inherited)",
					"$(PROJECT_DIR)/Carthage/Build/iOS",
				);
				INFOPLIST_FILE = ECommerceStoreAPITests/Info.plist;
				LD_RUNPATH_SEARCH_PATHS = (
					"$(inherited)",
					"@executable_path/Frameworks",
					"@loader_path/Frameworks",
				);
				PRODUCT_BUNDLE_IDENTIFIER = co.uk.shri.ECommerceStoreAPITests;
				PRODUCT_NAME = "$(TARGET_NAME)";
				SWIFT_VERSION = 5.0;
				TARGETED_DEVICE_FAMILY = "1,2";
				TEST_HOST = "$(BUILT_PRODUCTS_DIR)/ECommerceStore.app/ECommerceStore";
			};
			name = Release;
		};
/* End XCBuildConfiguration section */

/* Begin XCConfigurationList section */
		720245112430CF4C0058C344 /* Build configuration list for PBXProject "ECommerceStore" */ = {
			isa = XCConfigurationList;
			buildConfigurations = (
				720245432430CF510058C344 /* Debug */,
				720245442430CF510058C344 /* Release */,
			);
			defaultConfigurationIsVisible = 0;
			defaultConfigurationName = Release;
		};
		720245452430CF510058C344 /* Build configuration list for PBXNativeTarget "ECommerceStore" */ = {
			isa = XCConfigurationList;
			buildConfigurations = (
				720245462430CF510058C344 /* Debug */,
				720245472430CF510058C344 /* Release */,
			);
			defaultConfigurationIsVisible = 0;
			defaultConfigurationName = Release;
		};
		720245482430CF510058C344 /* Build configuration list for PBXNativeTarget "ECommerceStoreTests" */ = {
			isa = XCConfigurationList;
			buildConfigurations = (
				720245492430CF510058C344 /* Debug */,
				7202454A2430CF510058C344 /* Release */,
			);
			defaultConfigurationIsVisible = 0;
			defaultConfigurationName = Release;
		};
		7202454B2430CF510058C344 /* Build configuration list for PBXNativeTarget "ECommerceStoreUITests" */ = {
			isa = XCConfigurationList;
			buildConfigurations = (
				7202454C2430CF510058C344 /* Debug */,
				7202454D2430CF510058C344 /* Release */,
			);
			defaultConfigurationIsVisible = 0;
			defaultConfigurationName = Release;
		};
		7202456A2430CFC80058C344 /* Build configuration list for PBXNativeTarget "ECommerceStoreAPI" */ = {
			isa = XCConfigurationList;
			buildConfigurations = (
				7202456B2430CFC80058C344 /* Debug */,
				7202456C2430CFC80058C344 /* Release */,
			);
			defaultConfigurationIsVisible = 0;
			defaultConfigurationName = Release;
		};
		7202456E2430CFC80058C344 /* Build configuration list for PBXNativeTarget "ECommerceStoreAPITests" */ = {
			isa = XCConfigurationList;
			buildConfigurations = (
				7202456F2430CFC80058C344 /* Debug */,
				720245702430CFC80058C344 /* Release */,
			);
			defaultConfigurationIsVisible = 0;
			defaultConfigurationName = Release;
		};
/* End XCConfigurationList section */

/* Begin XCVersionGroup section */
		720245242430CF4C0058C344 /* ECommerceStore.xcdatamodeld */ = {
			isa = XCVersionGroup;
			children = (
				720245252430CF4C0058C344 /* ECommerceStore.xcdatamodel */,
			);
			currentVersion = 720245252430CF4C0058C344 /* ECommerceStore.xcdatamodel */;
			path = ECommerceStore.xcdatamodeld;
			sourceTree = "<group>";
			versionGroupType = wrapper.xcdatamodel;
		};
/* End XCVersionGroup section */
	};
	rootObject = 7202450E2430CF4C0058C344 /* Project object */;
}
